
Microsoft Visual Studio Solution File, Format Version 12.00
# Visual Studio Version 17
VisualStudioVersion = 17.5.002.0
MinimumVisualStudioVersion = 10.0.40219.1
Project("{9A19103F-16F7-4668-BE54-9A1E7A4F7556}") = "InsertionSort", "InsertionSort.csproj", "{89A142F4-1021-4A62-9354-E244698B81F1}"
EndProject
Global
	GlobalSection(SolutionConfigurationPlatforms) = preSolution
		Debug|Any CPU = Debug|Any CPU
		Release|Any CPU = Release|Any CPU
	EndGlobalSection
	GlobalSection(ProjectConfigurationPlatforms) = postSolution
		{89A142F4-1021-4A62-9354-E244698B81F1}.Debug|Any CPU.ActiveCfg = Debug|Any CPU
		{89A142F4-1021-4A62-9354-E244698B81F1}.Debug|Any CPU.Build.0 = Debug|Any CPU
		{89A142F4-1021-4A62-9354-E244698B81F1}.Release|Any CPU.ActiveCfg = Release|Any CPU
		{89A142F4-1021-4A62-9354-E244698B81F1}.Release|Any CPU.Build.0 = Release|Any CPU
	EndGlobalSection
	GlobalSection(SolutionProperties) = preSolution
		HideSolutionNode = FALSE
	EndGlobalSection
	GlobalSection(ExtensibilityGlobals) = postSolution
		SolutionGuid = {D01ED8FB-9732-4527-8802-E09CBF6466FB}
	EndGlobalSection
EndGlobal
