
Microsoft Visual Studio Solution File, Format Version 12.00
# Visual Studio Version 17
VisualStudioVersion = 17.5.002.0
MinimumVisualStudioVersion = 10.0.40219.1
Project("{9A19103F-16F7-4668-BE54-9A1E7A4F7556}") = "Aula02", "Aula02.csproj", "{9778336F-8EBD-45D3-9E04-D843D4652A95}"
EndProject
Global
	GlobalSection(SolutionConfigurationPlatforms) = preSolution
		Debug|Any CPU = Debug|Any CPU
		Release|Any CPU = Release|Any CPU
	EndGlobalSection
	GlobalSection(ProjectConfigurationPlatforms) = postSolution
		{9778336F-8EBD-45D3-9E04-D843D4652A95}.Debug|Any CPU.ActiveCfg = Debug|Any CPU
		{9778336F-8EBD-45D3-9E04-D843D4652A95}.Debug|Any CPU.Build.0 = Debug|Any CPU
		{9778336F-8EBD-45D3-9E04-D843D4652A95}.Release|Any CPU.ActiveCfg = Release|Any CPU
		{9778336F-8EBD-45D3-9E04-D843D4652A95}.Release|Any CPU.Build.0 = Release|Any CPU
	EndGlobalSection
	GlobalSection(SolutionProperties) = preSolution
		HideSolutionNode = FALSE
	EndGlobalSection
	GlobalSection(ExtensibilityGlobals) = postSolution
		SolutionGuid = {51A3ABC8-DD0C-47B2-AD66-66E87CFBE136}
	EndGlobalSection
EndGlobal
